
Microsoft Visual Studio Solution File, Format Version 12.00
# Visual Studio Version 17
VisualStudioVersion = 17.10.35122.118
MinimumVisualStudioVersion = 10.0.40219.1
Project("{FAE04EC0-301F-11D3-BF4B-00C04F79EFBC}") = "Movies", "Movies\Movies.csproj", "{04AAFBBA-53D6-488D-B455-5C6C9057E8ED}"
EndProject
Global
	GlobalSection(SolutionConfigurationPlatforms) = preSolution
		Debug|Any CPU = Debug|Any CPU
		Release|Any CPU = Release|Any CPU
	EndGlobalSection
	GlobalSection(ProjectConfigurationPlatforms) = postSolution
		{04AAFBBA-53D6-488D-B455-5C6C9057E8ED}.Debug|Any CPU.ActiveCfg = Debug|Any CPU
		{04AAFBBA-53D6-488D-B455-5C6C9057E8ED}.Debug|Any CPU.Build.0 = Debug|Any CPU
		{04AAFBBA-53D6-488D-B455-5C6C9057E8ED}.Release|Any CPU.ActiveCfg = Release|Any CPU
		{04AAFBBA-53D6-488D-B455-5C6C9057E8ED}.Release|Any CPU.Build.0 = Release|Any CPU
	EndGlobalSection
	GlobalSection(SolutionProperties) = preSolution
		HideSolutionNode = FALSE
	EndGlobalSection
	GlobalSection(ExtensibilityGlobals) = postSolution
		SolutionGuid = {819B1B3D-4333-4929-B7B2-A23276025D57}
	EndGlobalSection
EndGlobal
